
Microsoft Visual Studio Solution File, Format Version 12.00
# Visual Studio Version 16
VisualStudioVersion = 16.0.31911.196
MinimumVisualStudioVersion = 10.0.40219.1
Project("{9A19103F-16F7-4668-BE54-9A1E7A4F7556}") = "EShop.ApiGetway", "EShop.ApiGetway\EShop.ApiGetway.csproj", "{B1A1FC1A-0325-4D33-A2E8-03B448A04F55}"
EndProject
Project("{9A19103F-16F7-4668-BE54-9A1E7A4F7556}") = "EShop.User.Api", "EShop.User.Api\EShop.User.Api.csproj", "{07E6826C-250C-481D-89FE-8B3CA77A48EE}"
EndProject
Project("{9A19103F-16F7-4668-BE54-9A1E7A4F7556}") = "EShop.Product.Api", "EShop.Product.Api\EShop.Product.Api.csproj", "{3D33B9AC-411A-48E1-8B17-89539795FD14}"
EndProject
Project("{9A19103F-16F7-4668-BE54-9A1E7A4F7556}") = "EShop.Order.Api", "EShop.Order.Api\EShop.Order.Api.csproj", "{8F5CB0C4-7621-4EE1-8015-A1ACA4DA76F3}"
EndProject
Project("{9A19103F-16F7-4668-BE54-9A1E7A4F7556}") = "EShop.Infrastructure", "EShop.Infrastructure\EShop.Infrastructure.csproj", "{0B97ACC8-B287-4C1A-A1E3-7483968E0A2F}"
EndProject
Project("{9A19103F-16F7-4668-BE54-9A1E7A4F7556}") = "EShop.Product.Query.Api", "EShop.Product.Query.Api\EShop.Product.Query.Api.csproj", "{8DCFBD12-EA10-4BF8-9BB2-F6D0F39D54AE}"
EndProject
Project("{9A19103F-16F7-4668-BE54-9A1E7A4F7556}") = "EShop.Product.DataProvider", "EShop.Product.DataProvider\EShop.Product.DataProvider.csproj", "{0A8631F9-6143-447D-AC96-EC82D0CA5477}"
EndProject
Project("{FAE04EC0-301F-11D3-BF4B-00C04F79EFBC}") = "EShop.User.DataProvider", "EShop.User.DataProvider\EShop.User.DataProvider.csproj", "{F9C78E85-5766-47EA-B907-7E843345A0EF}"
EndProject
Project("{FAE04EC0-301F-11D3-BF4B-00C04F79EFBC}") = "EShop.User.Query.Api", "EShop.User.Query.Api\EShop.User.Query.Api.csproj", "{C0C1A925-11CA-4B2B-925E-1AB0FDB53B4E}"
EndProject
Global
	GlobalSection(SolutionConfigurationPlatforms) = preSolution
		Debug|Any CPU = Debug|Any CPU
		Release|Any CPU = Release|Any CPU
	EndGlobalSection
	GlobalSection(ProjectConfigurationPlatforms) = postSolution
		{B1A1FC1A-0325-4D33-A2E8-03B448A04F55}.Debug|Any CPU.ActiveCfg = Debug|Any CPU
		{B1A1FC1A-0325-4D33-A2E8-03B448A04F55}.Debug|Any CPU.Build.0 = Debug|Any CPU
		{B1A1FC1A-0325-4D33-A2E8-03B448A04F55}.Release|Any CPU.ActiveCfg = Release|Any CPU
		{B1A1FC1A-0325-4D33-A2E8-03B448A04F55}.Release|Any CPU.Build.0 = Release|Any CPU
		{07E6826C-250C-481D-89FE-8B3CA77A48EE}.Debug|Any CPU.ActiveCfg = Debug|Any CPU
		{07E6826C-250C-481D-89FE-8B3CA77A48EE}.Debug|Any CPU.Build.0 = Debug|Any CPU
		{07E6826C-250C-481D-89FE-8B3CA77A48EE}.Release|Any CPU.ActiveCfg = Release|Any CPU
		{07E6826C-250C-481D-89FE-8B3CA77A48EE}.Release|Any CPU.Build.0 = Release|Any CPU
		{3D33B9AC-411A-48E1-8B17-89539795FD14}.Debug|Any CPU.ActiveCfg = Debug|Any CPU
		{3D33B9AC-411A-48E1-8B17-89539795FD14}.Debug|Any CPU.Build.0 = Debug|Any CPU
		{3D33B9AC-411A-48E1-8B17-89539795FD14}.Release|Any CPU.ActiveCfg = Release|Any CPU
		{3D33B9AC-411A-48E1-8B17-89539795FD14}.Release|Any CPU.Build.0 = Release|Any CPU
		{8F5CB0C4-7621-4EE1-8015-A1ACA4DA76F3}.Debug|Any CPU.ActiveCfg = Debug|Any CPU
		{8F5CB0C4-7621-4EE1-8015-A1ACA4DA76F3}.Debug|Any CPU.Build.0 = Debug|Any CPU
		{8F5CB0C4-7621-4EE1-8015-A1ACA4DA76F3}.Release|Any CPU.ActiveCfg = Release|Any CPU
		{8F5CB0C4-7621-4EE1-8015-A1ACA4DA76F3}.Release|Any CPU.Build.0 = Release|Any CPU
		{0B97ACC8-B287-4C1A-A1E3-7483968E0A2F}.Debug|Any CPU.ActiveCfg = Debug|Any CPU
		{0B97ACC8-B287-4C1A-A1E3-7483968E0A2F}.Debug|Any CPU.Build.0 = Debug|Any CPU
		{0B97ACC8-B287-4C1A-A1E3-7483968E0A2F}.Release|Any CPU.ActiveCfg = Release|Any CPU
		{0B97ACC8-B287-4C1A-A1E3-7483968E0A2F}.Release|Any CPU.Build.0 = Release|Any CPU
		{8DCFBD12-EA10-4BF8-9BB2-F6D0F39D54AE}.Debug|Any CPU.ActiveCfg = Debug|Any CPU
		{8DCFBD12-EA10-4BF8-9BB2-F6D0F39D54AE}.Debug|Any CPU.Build.0 = Debug|Any CPU
		{8DCFBD12-EA10-4BF8-9BB2-F6D0F39D54AE}.Release|Any CPU.ActiveCfg = Release|Any CPU
		{8DCFBD12-EA10-4BF8-9BB2-F6D0F39D54AE}.Release|Any CPU.Build.0 = Release|Any CPU
		{0A8631F9-6143-447D-AC96-EC82D0CA5477}.Debug|Any CPU.ActiveCfg = Debug|Any CPU
		{0A8631F9-6143-447D-AC96-EC82D0CA5477}.Debug|Any CPU.Build.0 = Debug|Any CPU
		{0A8631F9-6143-447D-AC96-EC82D0CA5477}.Release|Any CPU.ActiveCfg = Release|Any CPU
		{0A8631F9-6143-447D-AC96-EC82D0CA5477}.Release|Any CPU.Build.0 = Release|Any CPU
		{F9C78E85-5766-47EA-B907-7E843345A0EF}.Debug|Any CPU.ActiveCfg = Debug|Any CPU
		{F9C78E85-5766-47EA-B907-7E843345A0EF}.Debug|Any CPU.Build.0 = Debug|Any CPU
		{F9C78E85-5766-47EA-B907-7E843345A0EF}.Release|Any CPU.ActiveCfg = Release|Any CPU
		{F9C78E85-5766-47EA-B907-7E843345A0EF}.Release|Any CPU.Build.0 = Release|Any CPU
		{C0C1A925-11CA-4B2B-925E-1AB0FDB53B4E}.Debug|Any CPU.ActiveCfg = Debug|Any CPU
		{C0C1A925-11CA-4B2B-925E-1AB0FDB53B4E}.Debug|Any CPU.Build.0 = Debug|Any CPU
		{C0C1A925-11CA-4B2B-925E-1AB0FDB53B4E}.Release|Any CPU.ActiveCfg = Release|Any CPU
		{C0C1A925-11CA-4B2B-925E-1AB0FDB53B4E}.Release|Any CPU.Build.0 = Release|Any CPU
	EndGlobalSection
	GlobalSection(SolutionProperties) = preSolution
		HideSolutionNode = FALSE
	EndGlobalSection
	GlobalSection(ExtensibilityGlobals) = postSolution
		SolutionGuid = {7FE8BE3A-E2BC-4F41-90B2-97F1244E2224}
	EndGlobalSection
EndGlobal
